
Microsoft Visual Studio Solution File, Format Version 12.00
# Visual Studio Version 16
VisualStudioVersion = 16.0.29324.140
MinimumVisualStudioVersion = 10.0.40219.1
Project("{FAE04EC0-301F-11D3-BF4B-00C04F79EFBC}") = "AnimationLesson", "AnimationLesson\AnimationLesson.csproj", "{EBCD518A-87B1-4A05-A80D-EB2D506C0F51}"
EndProject
Global
	GlobalSection(SolutionConfigurationPlatforms) = preSolution
		Debug|Any CPU = Debug|Any CPU
		Release|Any CPU = Release|Any CPU
	EndGlobalSection
	GlobalSection(ProjectConfigurationPlatforms) = postSolution
		{EBCD518A-87B1-4A05-A80D-EB2D506C0F51}.Debug|Any CPU.ActiveCfg = Debug|Any CPU
		{EBCD518A-87B1-4A05-A80D-EB2D506C0F51}.Debug|Any CPU.Build.0 = Debug|Any CPU
		{EBCD518A-87B1-4A05-A80D-EB2D506C0F51}.Release|Any CPU.ActiveCfg = Release|Any CPU
		{EBCD518A-87B1-4A05-A80D-EB2D506C0F51}.Release|Any CPU.Build.0 = Release|Any CPU
	EndGlobalSection
	GlobalSection(SolutionProperties) = preSolution
		HideSolutionNode = FALSE
	EndGlobalSection
	GlobalSection(ExtensibilityGlobals) = postSolution
		SolutionGuid = {2F27E650-274E-4B02-A7C0-D0AB429BC335}
	EndGlobalSection
EndGlobal
